
Microsoft Visual Studio Solution File, Format Version 12.00
# Visual Studio Version 16
VisualStudioVersion = 16.0.30330.147
MinimumVisualStudioVersion = 10.0.40219.1
Project("{FAE04EC0-301F-11D3-BF4B-00C04F79EFBC}") = "Construtores", "Construtores\Construtores.csproj", "{1F565161-F97C-4574-9895-EA4C00DE220F}"
EndProject
Global
	GlobalSection(SolutionConfigurationPlatforms) = preSolution
		Debug|Any CPU = Debug|Any CPU
		Release|Any CPU = Release|Any CPU
	EndGlobalSection
	GlobalSection(ProjectConfigurationPlatforms) = postSolution
		{1F565161-F97C-4574-9895-EA4C00DE220F}.Debug|Any CPU.ActiveCfg = Debug|Any CPU
		{1F565161-F97C-4574-9895-EA4C00DE220F}.Debug|Any CPU.Build.0 = Debug|Any CPU
		{1F565161-F97C-4574-9895-EA4C00DE220F}.Release|Any CPU.ActiveCfg = Release|Any CPU
		{1F565161-F97C-4574-9895-EA4C00DE220F}.Release|Any CPU.Build.0 = Release|Any CPU
	EndGlobalSection
	GlobalSection(SolutionProperties) = preSolution
		HideSolutionNode = FALSE
	EndGlobalSection
	GlobalSection(ExtensibilityGlobals) = postSolution
		SolutionGuid = {051223AE-256C-4964-939E-82E567F0DBC4}
	EndGlobalSection
EndGlobal
