
Microsoft Visual Studio Solution File, Format Version 12.00
# Visual Studio Version 16
VisualStudioVersion = 16.0.30330.147
MinimumVisualStudioVersion = 10.0.40219.1
Project("{FAE04EC0-301F-11D3-BF4B-00C04F79EFBC}") = "Struct", "Struct\Struct.csproj", "{CC0E0178-9B8D-4D60-8E34-94903F1B131B}"
EndProject
Global
	GlobalSection(SolutionConfigurationPlatforms) = preSolution
		Debug|Any CPU = Debug|Any CPU
		Release|Any CPU = Release|Any CPU
	EndGlobalSection
	GlobalSection(ProjectConfigurationPlatforms) = postSolution
		{CC0E0178-9B8D-4D60-8E34-94903F1B131B}.Debug|Any CPU.ActiveCfg = Debug|Any CPU
		{CC0E0178-9B8D-4D60-8E34-94903F1B131B}.Debug|Any CPU.Build.0 = Debug|Any CPU
		{CC0E0178-9B8D-4D60-8E34-94903F1B131B}.Release|Any CPU.ActiveCfg = Release|Any CPU
		{CC0E0178-9B8D-4D60-8E34-94903F1B131B}.Release|Any CPU.Build.0 = Release|Any CPU
	EndGlobalSection
	GlobalSection(SolutionProperties) = preSolution
		HideSolutionNode = FALSE
	EndGlobalSection
	GlobalSection(ExtensibilityGlobals) = postSolution
		SolutionGuid = {2F2216A2-8D87-4DCD-8BB5-053BA5C59D34}
	EndGlobalSection
EndGlobal
